
Microsoft Visual Studio Solution File, Format Version 12.00
# Visual Studio Version 17
VisualStudioVersion = 17.0.31912.275
MinimumVisualStudioVersion = 10.0.40219.1
Project("{FAE04EC0-301F-11D3-BF4B-00C04F79EFBC}") = "InteractiveGame", "InteractiveGame\InteractiveGame.csproj", "{90662D63-F4AB-4EEA-9181-99D970D09E7C}"
EndProject
Global
	GlobalSection(SolutionConfigurationPlatforms) = preSolution
		Debug|Any CPU = Debug|Any CPU
		Release|Any CPU = Release|Any CPU
	EndGlobalSection
	GlobalSection(ProjectConfigurationPlatforms) = postSolution
		{90662D63-F4AB-4EEA-9181-99D970D09E7C}.Debug|Any CPU.ActiveCfg = Debug|Any CPU
		{90662D63-F4AB-4EEA-9181-99D970D09E7C}.Debug|Any CPU.Build.0 = Debug|Any CPU
		{90662D63-F4AB-4EEA-9181-99D970D09E7C}.Release|Any CPU.ActiveCfg = Release|Any CPU
		{90662D63-F4AB-4EEA-9181-99D970D09E7C}.Release|Any CPU.Build.0 = Release|Any CPU
	EndGlobalSection
	GlobalSection(SolutionProperties) = preSolution
		HideSolutionNode = FALSE
	EndGlobalSection
	GlobalSection(ExtensibilityGlobals) = postSolution
		SolutionGuid = {53314444-AAFE-47E5-ABAA-6E345B514420}
	EndGlobalSection
EndGlobal
